
Microsoft Visual Studio Solution File, Format Version 12.00
# Visual Studio Version 17
VisualStudioVersion = 17.7.34202.233
MinimumVisualStudioVersion = 10.0.40219.1
Project("{FAE04EC0-301F-11D3-BF4B-00C04F79EFBC}") = "SB_Module_10", "SB_Module_10.csproj", "{B223B6E5-1EC8-4307-A6EE-FACE55AE74C3}"
EndProject
Global
	GlobalSection(SolutionConfigurationPlatforms) = preSolution
		Debug|Any CPU = Debug|Any CPU
		Release|Any CPU = Release|Any CPU
	EndGlobalSection
	GlobalSection(ProjectConfigurationPlatforms) = postSolution
		{B223B6E5-1EC8-4307-A6EE-FACE55AE74C3}.Debug|Any CPU.ActiveCfg = Debug|Any CPU
		{B223B6E5-1EC8-4307-A6EE-FACE55AE74C3}.Debug|Any CPU.Build.0 = Debug|Any CPU
		{B223B6E5-1EC8-4307-A6EE-FACE55AE74C3}.Release|Any CPU.ActiveCfg = Release|Any CPU
		{B223B6E5-1EC8-4307-A6EE-FACE55AE74C3}.Release|Any CPU.Build.0 = Release|Any CPU
	EndGlobalSection
	GlobalSection(SolutionProperties) = preSolution
		HideSolutionNode = FALSE
	EndGlobalSection
	GlobalSection(ExtensibilityGlobals) = postSolution
		SolutionGuid = {402B5F78-9C06-4250-818F-391110595E3F}
	EndGlobalSection
EndGlobal
